<?xml version="1.0" encoding="utf-8"?>
<Project ToolsVersion="4.0" xmlns="http://schemas.microsoft.com/developer/msbuild/2003">
  <ItemGroup>
    <Filter Include="ソース ファイル">
      <UniqueIdentifier>{4FC737F1-C7A5-4376-A066-2A32D752A2FF}</UniqueIdentifier>
      <Extensions>cpp;c;cc;cxx;def;odl;idl;hpj;bat;asm;asmx</Extensions>
    </Filter>
    <Filter Include="ヘッダー ファイル">
      <UniqueIdentifier>{93995380-89BD-4b04-88EB-625FBE52EBFB}</UniqueIdentifier>
      <Extensions>h;hh;hpp;hxx;hm;inl;inc;ipp;xsd</Extensions>
    </Filter>
    <Filter Include="リソース ファイル">
      <UniqueIdentifier>{67DA6AB6-F800-4c08-8B7A-83BB121AAD01}</UniqueIdentifier>
      <Extensions>rc;ico;cur;bmp;dlg;rc2;rct;bin;rgs;gif;jpg;jpeg;jpe;resx;tiff;tif;png;wav;mfcribbon-ms</Extensions>
    </Filter>
    <Filter Include="シェーダー ファイル">
      <UniqueIdentifier>{7d0e7b81-4308-414a-ae59-352b3afeccd0}</UniqueIdentifier>
    </Filter>
    <Filter Include="ソース ファイル\base">
      <UniqueIdentifier>{ab33cf30-333e-47ae-98ea-6cae66c73b9b}</UniqueIdentifier>
    </Filter>
    <Filter Include="ヘッダー ファイル\base">
      <UniqueIdentifier>{ad249518-a41f-47e8-8792-b89fd7551001}</UniqueIdentifier>
    </Filter>
    <Filter Include="ソース ファイル\debug">
      <UniqueIdentifier>{6f3ff3f0-cc49-4086-99c0-a4323f63afd6}</UniqueIdentifier>
    </Filter>
    <Filter Include="ヘッダー ファイル\debug">
      <UniqueIdentifier>{9fd56009-0f30-475b-8752-2ea9db291074}</UniqueIdentifier>
    </Filter>
    <Filter Include="ソース ファイル\scene">
      <UniqueIdentifier>{e7b8cf58-83f5-4528-8392-a38cb17a84b5}</UniqueIdentifier>
    </Filter>
    <Filter Include="ヘッダー ファイル\scene">
      <UniqueIdentifier>{a1ab645f-7513-4d25-8833-6beb8392ca91}</UniqueIdentifier>
    </Filter>
    <Filter Include="ソース ファイル\2d">
      <UniqueIdentifier>{50331636-7e23-4251-baa6-0070ff9472f9}</UniqueIdentifier>
    </Filter>
    <Filter Include="ソース ファイル\3d">
      <UniqueIdentifier>{7f161769-ec1c-439f-b186-a726778a2e66}</UniqueIdentifier>
    </Filter>
    <Filter Include="ヘッダー ファイル\2d">
      <UniqueIdentifier>{f632cc20-6f01-44ec-b1b7-c2e7d3805c35}</UniqueIdentifier>
    </Filter>
    <Filter Include="ヘッダー ファイル\3d">
      <UniqueIdentifier>{39cde1a0-142b-4f6d-b81a-315163fdf141}</UniqueIdentifier>
    </Filter>
    <Filter Include="ソース ファイル\camera">
      <UniqueIdentifier>{05d9fcb4-eaa9-4229-ac7e-0df1d1d59fd2}</UniqueIdentifier>
    </Filter>
    <Filter Include="ヘッダー ファイル\camera">
      <UniqueIdentifier>{ec126bac-fb5c-4403-9035-1dac49b7a1dc}</UniqueIdentifier>
    </Filter>
    <Filter Include="ソース ファイル\input">
      <UniqueIdentifier>{dc8edfd6-947f-4b1c-991e-3331531b930d}</UniqueIdentifier>
    </Filter>
    <Filter Include="ヘッダー ファイル\input">
      <UniqueIdentifier>{8fc94911-7fbc-4b55-a2e9-90ae9de232e5}</UniqueIdentifier>
    </Filter>
  </ItemGroup>
  <ItemGroup>
    <ClCompile Include="main.cpp">
      <Filter>ソース ファイル</Filter>
    </ClCompile>
    <ClCompile Include="base\DirectXCommon.cpp">
      <Filter>ソース ファイル\base</Filter>
    </ClCompile>
    <ClCompile Include="base\WinApp.cpp">
      <Filter>ソース ファイル\base</Filter>
    </ClCompile>
    <ClCompile Include="debug\DebugText.cpp">
      <Filter>ソース ファイル\debug</Filter>
    </ClCompile>
    <ClCompile Include="2d\Sprite.cpp">
      <Filter>ソース ファイル\2d</Filter>
    </ClCompile>
    <ClCompile Include="3d\Object3d.cpp">
      <Filter>ソース ファイル\3d</Filter>
    </ClCompile>
    <ClCompile Include="3d\Material.cpp">
      <Filter>ソース ファイル\3d</Filter>
    </ClCompile>
    <ClCompile Include="3d\Mesh.cpp">
      <Filter>ソース ファイル\3d</Filter>
    </ClCompile>
    <ClCompile Include="3d\Model.cpp">
      <Filter>ソース ファイル\3d</Filter>
    </ClCompile>
    <ClCompile Include="camera\Camera.cpp">
      <Filter>ソース ファイル\camera</Filter>
    </ClCompile>
    <ClCompile Include="input\Input.cpp">
      <Filter>ソース ファイル\input</Filter>
    </ClCompile>
    <ClCompile Include="scene\GameScene.cpp">
      <Filter>ソース ファイル\scene</Filter>
    </ClCompile>
    <ClCompile Include="debug\DebugCamera.cpp">
      <Filter>ソース ファイル\debug</Filter>
    </ClCompile>
  </ItemGroup>
  <ItemGroup>
    <FxCompile Include="Resources\shaders\BasicPixelShader.hlsl">
      <Filter>シェーダー ファイル</Filter>
    </FxCompile>
    <FxCompile Include="Resources\shaders\BasicVertexShader.hlsl">
      <Filter>シェーダー ファイル</Filter>
    </FxCompile>
    <FxCompile Include="Resources\shaders\SpritePixelShader.hlsl">
      <Filter>シェーダー ファイル</Filter>
    </FxCompile>
    <FxCompile Include="Resources\shaders\SpriteVertexShader.hlsl">
      <Filter>シェーダー ファイル</Filter>
    </FxCompile>
    <FxCompile Include="Resources\shaders\OBJPixelShader.hlsl">
      <Filter>シェーダー ファイル</Filter>
    </FxCompile>
    <FxCompile Include="Resources\shaders\OBJVertexShader.hlsl">
      <Filter>シェーダー ファイル</Filter>
    </FxCompile>
  </ItemGroup>
  <ItemGroup>
    <None Include="Resources\shaders\BasicShaderHeader.hlsli">
      <Filter>シェーダー ファイル</Filter>
    </None>
    <None Include="Resources\shaders\SpriteShaderHeader.hlsli">
      <Filter>シェーダー ファイル</Filter>
    </None>
    <None Include="Resources\shaders\OBJShaderHeader.hlsli">
      <Filter>シェーダー ファイル</Filter>
    </None>
  </ItemGroup>
  <ItemGroup>
    <ClInclude Include="base\DirectXCommon.h">
      <Filter>ヘッダー ファイル\base</Filter>
    </ClInclude>
    <ClInclude Include="base\WinApp.h">
      <Filter>ヘッダー ファイル\base</Filter>
    </ClInclude>
    <ClInclude Include="debug\DebugText.h">
      <Filter>ヘッダー ファイル\debug</Filter>
    </ClInclude>
    <ClInclude Include="debug\DebugCamera.h">
      <Filter>ヘッダー ファイル\debug</Filter>
    </ClInclude>
    <ClInclude Include="2d\Sprite.h">
      <Filter>ヘッダー ファイル\2d</Filter>
    </ClInclude>
    <ClInclude Include="3d\Object3d.h">
      <Filter>ヘッダー ファイル\3d</Filter>
    </ClInclude>
    <ClInclude Include="3d\Material.h">
      <Filter>ヘッダー ファイル\3d</Filter>
    </ClInclude>
    <ClInclude Include="3d\Mesh.h">
      <Filter>ヘッダー ファイル\3d</Filter>
    </ClInclude>
    <ClInclude Include="3d\Model.h">
      <Filter>ヘッダー ファイル\3d</Filter>
    </ClInclude>
    <ClInclude Include="camera\Camera.h">
      <Filter>ヘッダー ファイル\camera</Filter>
    </ClInclude>
    <ClInclude Include="input\Input.h">
      <Filter>ヘッダー ファイル\input</Filter>
    </ClInclude>
    <ClInclude Include="scene\GameScene.h">
      <Filter>ヘッダー ファイル\scene</Filter>
    </ClInclude>
  </ItemGroup>
</Project>